PODS:
  - Alamofire (4.7.3)
  - BigInt (3.1.0):
    - SipHash (~> 1.2)
  - Charts (3.2.1):
    - Charts/Core (= 3.2.1)
  - Charts/Core (3.2.1)
  - Firebase/Core (5.11.0):
    - Firebase/CoreOnly
    - FirebaseAnalytics (= 5.3.0)
  - Firebase/CoreOnly (5.11.0):
    - FirebaseCore (= 5.1.6)
  - Firebase/DynamicLinks (5.11.0):
    - Firebase/CoreOnly
    - FirebaseDynamicLinks (= 3.1.1)
  - Firebase/RemoteConfig (5.11.0):
    - Firebase/Core
    - FirebaseRemoteConfig (= 3.1.0)
  - FirebaseABTesting (2.0.0):
    - FirebaseCore (~> 5.0)
    - Protobuf (~> 3.5)
  - FirebaseAnalytics (5.3.0):
    - FirebaseCore (~> 5.1)
    - FirebaseInstanceID (~> 3.3)
    - GoogleAppMeasurement (~> 5.3)
    - GoogleUtilities/AppDelegateSwizzler (~> 5.2)
    - GoogleUtilities/MethodSwizzler (~> 5.2)
    - GoogleUtilities/Network (~> 5.2)
    - "GoogleUtilities/NSData+zlib (~> 5.2)"
    - nanopb (~> 0.3)
  - FirebaseAnalyticsInterop (1.1.0)
  - FirebaseCore (5.1.6):
    - GoogleUtilities/Logger (~> 5.2)
  - FirebaseDynamicLinks (3.1.1):
    - FirebaseAnalytics (~> 5.1)
    - FirebaseAnalyticsInterop (~> 1.0)
    - FirebaseCore (~> 5.1)
  - FirebaseInstanceID (3.3.0):
    - FirebaseCore (~> 5.1)
    - GoogleUtilities/Environment (~> 5.3)
    - GoogleUtilities/UserDefaults (~> 5.3)
  - FirebaseRemoteConfig (3.1.0):
    - FirebaseABTesting (~> 2.0)
    - FirebaseAnalytics (~> 5.3)
    - FirebaseCore (~> 5.1)
    - FirebaseInstanceID (~> 3.3)
    - GoogleUtilities/Environment (~> 5.2)
    - "GoogleUtilities/NSData+zlib (~> 5.2)"
    - Protobuf (~> 3.5)
  - GoogleAppMeasurement (5.3.0):
    - GoogleUtilities/AppDelegateSwizzler (~> 5.2)
    - GoogleUtilities/MethodSwizzler (~> 5.2)
    - GoogleUtilities/Network (~> 5.2)
    - "GoogleUtilities/NSData+zlib (~> 5.2)"
    - nanopb (~> 0.3)
  - GoogleUtilities/AppDelegateSwizzler (5.3.4):
    - GoogleUtilities/Environment
    - GoogleUtilities/Logger
    - GoogleUtilities/Network
  - GoogleUtilities/Environment (5.3.4)
  - GoogleUtilities/Logger (5.3.4):
    - GoogleUtilities/Environment
  - GoogleUtilities/MethodSwizzler (5.3.4):
    - GoogleUtilities/Logger
  - GoogleUtilities/Network (5.3.4):
    - GoogleUtilities/Logger
    - "GoogleUtilities/NSData+zlib"
    - GoogleUtilities/Reachability
  - "GoogleUtilities/NSData+zlib (5.3.4)"
  - GoogleUtilities/Reachability (5.3.4):
    - GoogleUtilities/Logger
  - GoogleUtilities/UserDefaults (5.3.4):
    - GoogleUtilities/Logger
  - nanopb (0.3.901):
    - nanopb/decode (= 0.3.901)
    - nanopb/encode (= 0.3.901)
  - nanopb/decode (0.3.901)
  - nanopb/encode (0.3.901)
  - Onfido (10.0.0)
  - PhoneNumberKit (2.5.0):
    - PhoneNumberKit/PhoneNumberKitCore (= 2.5.0)
    - PhoneNumberKit/UIKit (= 2.5.0)
  - PhoneNumberKit/PhoneNumberKitCore (2.5.0)
  - PhoneNumberKit/UIKit (2.5.0):
    - PhoneNumberKit/PhoneNumberKitCore
  - Protobuf (3.6.1)
  - RxAtomic (4.4.0)
  - RxBlocking (4.4.0):
    - RxAtomic (~> 4.4)
    - RxSwift (~> 4.0)
  - RxCocoa (4.4.0):
    - RxSwift (~> 4.0)
  - RxSwift (4.4.0):
    - RxAtomic (~> 4.4)
  - RxTest (4.4.0):
    - RxAtomic (~> 4.4)
    - RxSwift (~> 4.0)
  - SipHash (1.2.2)
  - Starscream (3.0.6)
  - stellar-ios-mac-sdk (1.4.10)
  - SwiftLint (0.27.0)

DEPENDENCIES:
  - Alamofire (~> 4.7)
  - BigInt (~> 3.1)
  - Charts (~> 3.2.1)
  - Firebase/Core
  - Firebase/DynamicLinks
  - Firebase/RemoteConfig
  - Onfido (~> 10.0.0)
  - PhoneNumberKit (~> 2.1)
  - RxBlocking (~> 4.0)
  - RxCocoa (~> 4.0)
  - RxSwift (~> 4.0)
  - RxTest (~> 4.0)
  - Starscream (~> 3.0.2)
  - stellar-ios-mac-sdk (~> 1.4.7)
  - SwiftLint

SPEC REPOS:
  https://github.com/cocoapods/specs.git:
    - Alamofire
    - BigInt
    - Charts
    - Firebase
    - FirebaseABTesting
    - FirebaseAnalytics
    - FirebaseAnalyticsInterop
    - FirebaseCore
    - FirebaseDynamicLinks
    - FirebaseInstanceID
    - FirebaseRemoteConfig
    - GoogleAppMeasurement
    - GoogleUtilities
    - nanopb
    - Onfido
    - PhoneNumberKit
    - Protobuf
    - RxAtomic
    - RxBlocking
    - RxCocoa
    - RxSwift
    - RxTest
    - SipHash
    - Starscream
    - stellar-ios-mac-sdk
    - SwiftLint

SPEC CHECKSUMS:
  Alamofire: c7287b6e5d7da964a70935e5db17046b7fde6568
  BigInt: 76b5dfdfa3e2e478d4ffdf161aeede5502e2742f
  Charts: f122fb70b19847fa5817d018b77d6c5a2296ab25
  Firebase: b48f9e653da971ecce5b8c749684bc8bb2d26bd3
  FirebaseABTesting: 1f50b8d50f5e3469eea54e7463a7b7fe221d1f5e
  FirebaseAnalytics: 63202d2665de4e6adcbdce189135255d8b5962ba
  FirebaseAnalyticsInterop: e5f21be9af6548372e2f0815834ff909bff395a2
  FirebaseCore: d16552f06821489ce1affe2e5e3e5593402ddfe3
  FirebaseDynamicLinks: 000130a3fc3d81ac7322731b895009f3199ef584
  FirebaseInstanceID: e2fa4cb35ef5558c200f7f0ad8a53e212215f93e
  FirebaseRemoteConfig: 7e11c65f0769c09bff6947997c209515058c5318
  GoogleAppMeasurement: 5029d78f2b438bd30ffb44e6c558b57c21622727
  GoogleUtilities: abb092d2c12e817fa3e0e7b274987dd72fb86ec3
  nanopb: 2901f78ea1b7b4015c860c2fdd1ea2fee1a18d48
  Onfido: eb3bde6295f0dc6dd334b9eb01626d2bad5d3c1d
  PhoneNumberKit: 32a1cd1e0aa9e950feb01886a22fd7386b8cf903
  Protobuf: 1eb9700044745f00181c136ef21b8ff3ad5a0fd5
  RxAtomic: eacf60db868c96bfd63320e28619fe29c179656f
  RxBlocking: 138ad53217434444d6eeeb4fb406a45431d92e31
  RxCocoa: df63ebf7b9a70d6b4eeea407ed5dd4efc8979749
  RxSwift: 5976ecd04fc2fefd648827c23de5e11157faa973
  RxTest: 19d03286bdc0a3aaea5d61d4cde31fdf4bb8a5ba
  SipHash: fad90a4683e420c52ef28063063dbbce248ea6d4
  Starscream: ef3ece99d765eeccb67de105bfa143f929026cf5
  stellar-ios-mac-sdk: 0f5d9b19aedf241cdb55be48b3ede477b57ed70f
  SwiftLint: 3207c1faa2240bf8973b191820a116113cd11073

PODFILE CHECKSUM: 630f594ba5047798b030fea20eab9e740cef83f0

COCOAPODS: 1.5.3
