PODS:
  - BigInt (4.0.0)
  - Charts (3.2.2):
    - Charts/Core (= 3.2.2)
  - Charts/Core (3.2.2)
  - Crashlytics (3.13.4):
    - Fabric (~> 1.10.2)
  - Fabric (1.10.2)
  - Firebase/Core (5.17.0):
    - Firebase/CoreOnly
    - FirebaseAnalytics (= 5.6.0)
  - Firebase/CoreOnly (5.17.0):
    - FirebaseCore (= 5.3.0)
  - Firebase/DynamicLinks (5.17.0):
    - Firebase/CoreOnly
    - FirebaseDynamicLinks (= 3.4.0)
  - Firebase/RemoteConfig (5.17.0):
    - Firebase/Core
    - FirebaseRemoteConfig (= 3.1.0)
  - FirebaseABTesting (2.0.0):
    - FirebaseCore (~> 5.0)
    - Protobuf (~> 3.5)
  - FirebaseAnalytics (5.6.0):
    - FirebaseCore (~> 5.3)
    - FirebaseInstanceID (~> 3.5)
    - GoogleAppMeasurement (= 5.6.0)
    - GoogleUtilities/AppDelegateSwizzler (~> 5.2)
    - GoogleUtilities/MethodSwizzler (~> 5.2)
    - GoogleUtilities/Network (~> 5.2)
    - "GoogleUtilities/NSData+zlib (~> 5.2)"
    - nanopb (~> 0.3)
  - FirebaseAnalyticsInterop (1.3.0)
  - FirebaseCore (5.3.0):
    - GoogleUtilities/Logger (~> 5.2)
  - FirebaseDynamicLinks (3.4.0):
    - FirebaseAnalytics (~> 5.1)
    - FirebaseAnalyticsInterop (~> 1.0)
    - FirebaseCore (~> 5.2)
  - FirebaseInstanceID (3.8.1):
    - FirebaseCore (~> 5.2)
    - GoogleUtilities/Environment (~> 5.2)
    - GoogleUtilities/UserDefaults (~> 5.2)
  - FirebaseRemoteConfig (3.1.0):
    - FirebaseABTesting (~> 2.0)
    - FirebaseAnalytics (~> 5.3)
    - FirebaseCore (~> 5.1)
    - FirebaseInstanceID (~> 3.3)
    - GoogleUtilities/Environment (~> 5.2)
    - "GoogleUtilities/NSData+zlib (~> 5.2)"
    - Protobuf (~> 3.5)
  - GoogleAppMeasurement (5.6.0):
    - GoogleUtilities/AppDelegateSwizzler (~> 5.2)
    - GoogleUtilities/MethodSwizzler (~> 5.2)
    - GoogleUtilities/Network (~> 5.2)
    - "GoogleUtilities/NSData+zlib (~> 5.2)"
    - nanopb (~> 0.3)
  - GoogleUtilities/AppDelegateSwizzler (5.8.0):
    - GoogleUtilities/Environment
    - GoogleUtilities/Logger
    - GoogleUtilities/Network
  - GoogleUtilities/Environment (5.8.0)
  - GoogleUtilities/Logger (5.8.0):
    - GoogleUtilities/Environment
  - GoogleUtilities/MethodSwizzler (5.8.0):
    - GoogleUtilities/Logger
  - GoogleUtilities/Network (5.8.0):
    - GoogleUtilities/Logger
    - "GoogleUtilities/NSData+zlib"
    - GoogleUtilities/Reachability
  - "GoogleUtilities/NSData+zlib (5.8.0)"
  - GoogleUtilities/Reachability (5.8.0):
    - GoogleUtilities/Logger
  - GoogleUtilities/UserDefaults (5.8.0):
    - GoogleUtilities/Logger
  - keccak.c (0.1.3)
  - LibWally (0.0.1)
  - nanopb (0.3.901):
    - nanopb/decode (= 0.3.901)
    - nanopb/encode (= 0.3.901)
  - nanopb/decode (0.3.901)
  - nanopb/encode (0.3.901)
  - PhoneNumberKit (2.6.0):
    - PhoneNumberKit/PhoneNumberKitCore (= 2.6.0)
    - PhoneNumberKit/UIKit (= 2.6.0)
  - PhoneNumberKit/PhoneNumberKitCore (2.6.0)
  - PhoneNumberKit/UIKit (2.6.0):
    - PhoneNumberKit/PhoneNumberKitCore
  - Presentr (1.9)
  - PromiseKit (6.10.0):
    - PromiseKit/CorePromise (= 6.10.0)
    - PromiseKit/Foundation (= 6.10.0)
    - PromiseKit/UIKit (= 6.10.0)
  - PromiseKit/CorePromise (6.10.0)
  - PromiseKit/Foundation (6.10.0):
    - PromiseKit/CorePromise
  - PromiseKit/UIKit (6.10.0):
    - PromiseKit/CorePromise
  - Protobuf (3.9.0)
  - ReachabilitySwift (4.3.1)
  - RxBlocking (5.0.0):
    - RxSwift (~> 5)
  - RxCocoa (5.0.0):
    - RxRelay (~> 5)
    - RxSwift (~> 5)
  - RxRelay (5.0.0):
    - RxSwift (~> 5)
  - RxSwift (5.0.0)
  - RxTest (5.0.0):
    - RxSwift (~> 5)
  - scrypt.c (0.1.1)
  - secp256k1.c (0.1.2)
  - Socket.IO-Client-Swift (15.0.0):
    - Starscream (~> 3.1)
  - Starscream (3.1.0)
  - stellar-ios-mac-sdk (1.6.6)
  - SwiftLint (0.30.1)
  - VeriffSDK (2.4.0):
    - Presentr (~> 1.9)
    - ReachabilitySwift (~> 4.3.1)
    - Socket.IO-Client-Swift (~> 15.0.0)
    - VeriffWebRTC (~> 1.0.1)
  - VeriffWebRTC (1.0.1)
  - web3swift.pod (2.1.10):
    - BigInt (~> 4.0)
    - keccak.c (~> 0.1)
    - PromiseKit (~> 6.4)
    - scrypt.c (~> 0.1)
    - secp256k1.c (~> 0.1)

DEPENDENCIES:
  - BigInt (~> 4.0)
  - Charts (~> 3.2.1)
  - Crashlytics
  - Fabric
  - Firebase/Core (~> 5.17.0)
  - Firebase/DynamicLinks (~> 5.17.0)
  - Firebase/RemoteConfig (~> 5.17.0)
  - "LibWally (from `git@github.com:blockchain/libwally-swift.git`, branch `jack/IOS-2418`)"
  - PhoneNumberKit (~> 2.1)
  - RxBlocking (~> 5.0)
  - RxCocoa (= 5.0)
  - RxSwift (= 5.0)
  - RxTest (~> 5.0)
  - Starscream (= 3.1.0)
  - "stellar-ios-mac-sdk (from `git@github.com:thisisalexmcgregor/stellar-ios-mac-sdk.git`, commit `03aefcdc14a43a16c46b483ffaea90ce9c210071`)"
  - SwiftLint (= 0.30.1)
  - VeriffSDK (= 2.4.0)
  - "web3swift.pod (from `git@github.com:thisisalexmcgregor/web3swift.git`, commit `39abb613bef9f63f7bff5633172b3b474e54c165`)"

SPEC REPOS:
  https://github.com/cocoapods/specs.git:
    - BigInt
    - Charts
    - Crashlytics
    - Fabric
    - Firebase
    - FirebaseABTesting
    - FirebaseAnalytics
    - FirebaseAnalyticsInterop
    - FirebaseCore
    - FirebaseDynamicLinks
    - FirebaseInstanceID
    - FirebaseRemoteConfig
    - GoogleAppMeasurement
    - GoogleUtilities
    - keccak.c
    - nanopb
    - PhoneNumberKit
    - Presentr
    - PromiseKit
    - Protobuf
    - ReachabilitySwift
    - RxBlocking
    - RxCocoa
    - RxRelay
    - RxSwift
    - RxTest
    - scrypt.c
    - secp256k1.c
    - Socket.IO-Client-Swift
    - Starscream
    - SwiftLint
    - VeriffSDK
    - VeriffWebRTC

EXTERNAL SOURCES:
  LibWally:
    :branch: jack/IOS-2418
    :git: "git@github.com:blockchain/libwally-swift.git"
    :submodules: true
  stellar-ios-mac-sdk:
    :commit: 03aefcdc14a43a16c46b483ffaea90ce9c210071
    :git: "git@github.com:thisisalexmcgregor/stellar-ios-mac-sdk.git"
  web3swift.pod:
    :commit: 39abb613bef9f63f7bff5633172b3b474e54c165
    :git: "git@github.com:thisisalexmcgregor/web3swift.git"

CHECKOUT OPTIONS:
  LibWally:
    :commit: 39056ba6692db5fd6f584e45b3eb3d2b7534b026
    :git: "git@github.com:blockchain/libwally-swift.git"
    :submodules: true
  stellar-ios-mac-sdk:
    :commit: 03aefcdc14a43a16c46b483ffaea90ce9c210071
    :git: "git@github.com:thisisalexmcgregor/stellar-ios-mac-sdk.git"
  web3swift.pod:
    :commit: 39abb613bef9f63f7bff5633172b3b474e54c165
    :git: "git@github.com:thisisalexmcgregor/web3swift.git"

SPEC CHECKSUMS:
  BigInt: 2aad1a9942dc932ec8b84290d2c564a3d76f97ab
  Charts: f69cf0518b6d1d62608ca504248f1bbe0b6ae77e
  Crashlytics: 2dfd686bcb918dc10ee0e76f7f853fe42c7bd552
  Fabric: 706c8b8098fff96c33c0db69cbf81f9c551d0d74
  Firebase: 59d557e064217fab6a03ff00baa73c06e73832e6
  FirebaseABTesting: 1f50b8d50f5e3469eea54e7463a7b7fe221d1f5e
  FirebaseAnalytics: 75e4bbc6417d190cc98ec1f17c41a4fad4c2c976
  FirebaseAnalyticsInterop: 0f250d71e8741352407a8db351e6de78c5c56d35
  FirebaseCore: c0c4befb82374d6aef64d800e569f47625352edc
  FirebaseDynamicLinks: 83a0071c95ad715bc324fcb8f51028d5b6a58af0
  FirebaseInstanceID: a122b0c258720cf250551bb2bedf48c699f80d90
  FirebaseRemoteConfig: 7e11c65f0769c09bff6947997c209515058c5318
  GoogleAppMeasurement: 008e04ecd8efedd97a693aea8634aefe220bd26e
  GoogleUtilities: 04fce34bcd5620c1ee76fb79172105c74a4df335
  keccak.c: 859583afdaccb4e4fcc0f0096064d101580313f4
  LibWally: 37b7c926e9aa02cc7d4c5a2a2a3a4f8925ea5038
  nanopb: 2901f78ea1b7b4015c860c2fdd1ea2fee1a18d48
  PhoneNumberKit: 167ee1f0bbb6efce7c62559e620eae745595532f
  Presentr: 7078d7eb5d1661ebeaae60c9e42a1e534de1b993
  PromiseKit: 1fdaeb6c0a94a5114fcb814ff3d772b86886ad4e
  Protobuf: 1097ca58584c8d9be81bfbf2c5ff5975648dd87a
  ReachabilitySwift: 4032e2f59586e11e3b0ebe15b167abdd587a388b
  RxBlocking: c67185d26498ea3cbe3e121917c3c16739e43123
  RxCocoa: fcf32050ac00d801f34a7f71d5e8e7f23026dcd8
  RxRelay: 4f7409406a51a55cd88483f21ed898c234d60f18
  RxSwift: 8b0671caa829a763bbce7271095859121cbd895f
  RxTest: 4349afe98f564e0a9bc19063368904622d17d49a
  scrypt.c: b42ae06183251329d2b2c620c226fb541a4a3592
  secp256k1.c: db47b726585d80f027423682eb369729e61b3b20
  Socket.IO-Client-Swift: c039a808195d22a7192962841b8c035cb61ea49e
  Starscream: 08172b481e145289c4930cb567230fb55897cfa4
  stellar-ios-mac-sdk: ed1d2a48774d3c703e8743bdde2bd03ac196b2df
  SwiftLint: a54bf1fe12b55c68560eb2a7689dfc81458508f7
  VeriffSDK: 057f46785fc338b5a6453dd0097c9a97904db302
  VeriffWebRTC: 47806fee639a69ae5f82f2b031d20f0014d4a016
  web3swift.pod: 98e8653f39e1bcd7b45f46dd982ec49cdfc6c46a

PODFILE CHECKSUM: 71f77d33bc12108ca49c28f9d54c759fc25b0f0e

COCOAPODS: 1.7.3
