PODS:
  - BigInt (4.0.0)
  - Charts (3.4.0):
    - Charts/Core (= 3.4.0)
  - Charts/Core (3.4.0)
  - Crashlytics (3.14.0):
    - Fabric (~> 1.10.2)
  - Fabric (1.10.2)
  - Firebase/Core (6.14.0):
    - Firebase/CoreOnly
    - FirebaseAnalytics (= 6.1.7)
  - Firebase/CoreOnly (6.14.0):
    - FirebaseCore (= 6.5.0)
  - Firebase/DynamicLinks (6.14.0):
    - Firebase/CoreOnly
    - FirebaseDynamicLinks (~> 4.0.6)
  - Firebase/Messaging (6.14.0):
    - Firebase/CoreOnly
    - FirebaseMessaging (~> 4.1.10)
  - Firebase/RemoteConfig (6.14.0):
    - Firebase/CoreOnly
    - FirebaseRemoteConfig (~> 4.4.6)
  - FirebaseABTesting (3.1.2):
    - FirebaseAnalyticsInterop (~> 1.3)
    - FirebaseCore (~> 6.1)
    - Protobuf (>= 3.9.2, ~> 3.9)
  - FirebaseAnalytics (6.1.7):
    - FirebaseCore (~> 6.5)
    - FirebaseInstanceID (~> 4.2)
    - GoogleAppMeasurement (= 6.1.7)
    - GoogleUtilities/AppDelegateSwizzler (~> 6.0)
    - GoogleUtilities/MethodSwizzler (~> 6.0)
    - GoogleUtilities/Network (~> 6.0)
    - "GoogleUtilities/NSData+zlib (~> 6.0)"
    - nanopb (= 0.3.9011)
  - FirebaseAnalyticsInterop (1.4.0)
  - FirebaseCore (6.5.0):
    - FirebaseCoreDiagnostics (~> 1.0)
    - FirebaseCoreDiagnosticsInterop (~> 1.0)
    - GoogleUtilities/Environment (~> 6.4)
    - GoogleUtilities/Logger (~> 6.4)
  - FirebaseCoreDiagnostics (1.1.2):
    - FirebaseCoreDiagnosticsInterop (~> 1.0)
    - GoogleDataTransportCCTSupport (~> 1.0)
    - GoogleUtilities/Environment (~> 6.2)
    - GoogleUtilities/Logger (~> 6.2)
    - nanopb (~> 0.3.901)
  - FirebaseCoreDiagnosticsInterop (1.1.0)
  - FirebaseDynamicLinks (4.0.6):
    - FirebaseAnalyticsInterop (~> 1.3)
    - FirebaseCore (~> 6.2)
  - FirebaseInstanceID (4.2.8):
    - FirebaseCore (~> 6.5)
    - GoogleUtilities/Environment (~> 6.4)
    - GoogleUtilities/UserDefaults (~> 6.4)
  - FirebaseMessaging (4.1.10):
    - FirebaseAnalyticsInterop (~> 1.3)
    - FirebaseCore (~> 6.2)
    - FirebaseInstanceID (~> 4.1)
    - GoogleUtilities/AppDelegateSwizzler (~> 6.2)
    - GoogleUtilities/Environment (~> 6.2)
    - GoogleUtilities/Reachability (~> 6.2)
    - GoogleUtilities/UserDefaults (~> 6.2)
    - Protobuf (>= 3.9.2, ~> 3.9)
  - FirebaseRemoteConfig (4.4.6):
    - FirebaseABTesting (~> 3.1)
    - FirebaseAnalyticsInterop (~> 1.4)
    - FirebaseCore (~> 6.2)
    - FirebaseInstanceID (~> 4.2)
    - GoogleUtilities/Environment (~> 6.2)
    - "GoogleUtilities/NSData+zlib (~> 6.2)"
    - Protobuf (>= 3.9.2, ~> 3.9)
  - GoogleAppMeasurement (6.1.7):
    - GoogleUtilities/AppDelegateSwizzler (~> 6.0)
    - GoogleUtilities/MethodSwizzler (~> 6.0)
    - GoogleUtilities/Network (~> 6.0)
    - "GoogleUtilities/NSData+zlib (~> 6.0)"
    - nanopb (= 0.3.9011)
  - GoogleDataTransport (3.2.0)
  - GoogleDataTransportCCTSupport (1.2.3):
    - GoogleDataTransport (~> 3.2)
    - nanopb (~> 0.3.901)
  - GoogleUtilities/AppDelegateSwizzler (6.4.0):
    - GoogleUtilities/Environment
    - GoogleUtilities/Logger
    - GoogleUtilities/Network
  - GoogleUtilities/Environment (6.4.0)
  - GoogleUtilities/Logger (6.4.0):
    - GoogleUtilities/Environment
  - GoogleUtilities/MethodSwizzler (6.4.0):
    - GoogleUtilities/Logger
  - GoogleUtilities/Network (6.4.0):
    - GoogleUtilities/Logger
    - "GoogleUtilities/NSData+zlib"
    - GoogleUtilities/Reachability
  - "GoogleUtilities/NSData+zlib (6.4.0)"
  - GoogleUtilities/Reachability (6.4.0):
    - GoogleUtilities/Logger
  - GoogleUtilities/UserDefaults (6.4.0):
    - GoogleUtilities/Logger
  - keccak.c (0.1.3)
  - LibWally (0.0.1)
  - nanopb (0.3.9011):
    - nanopb/decode (= 0.3.9011)
    - nanopb/encode (= 0.3.9011)
  - nanopb/decode (0.3.9011)
  - nanopb/encode (0.3.9011)
  - PhoneNumberKit (2.6.0):
    - PhoneNumberKit/PhoneNumberKitCore (= 2.6.0)
    - PhoneNumberKit/UIKit (= 2.6.0)
  - PhoneNumberKit/PhoneNumberKitCore (2.6.0)
  - PhoneNumberKit/UIKit (2.6.0):
    - PhoneNumberKit/PhoneNumberKitCore
  - PromiseKit (6.12.0):
    - PromiseKit/CorePromise (= 6.12.0)
    - PromiseKit/Foundation (= 6.12.0)
    - PromiseKit/UIKit (= 6.12.0)
  - PromiseKit/CorePromise (6.12.0)
  - PromiseKit/Foundation (6.12.0):
    - PromiseKit/CorePromise
  - PromiseKit/UIKit (6.12.0):
    - PromiseKit/CorePromise
  - Protobuf (3.11.2)
  - RxBlocking (5.0.1):
    - RxSwift (~> 5)
  - RxCocoa (5.0.0):
    - RxRelay (~> 5)
    - RxSwift (~> 5)
  - RxRelay (5.0.0):
    - RxSwift (~> 5)
  - RxSwift (5.0.0)
  - RxTest (5.0.1):
    - RxSwift (~> 5)
  - scrypt.c (0.1.1)
  - secp256k1.c (0.1.2)
  - stellar-ios-mac-sdk (1.7.0)
  - SwiftCheck (0.12.0)
  - SwiftLint (0.30.1)
  - web3swift.pod (2.1.10):
    - BigInt (~> 4.0)
    - keccak.c (~> 0.1)
    - PromiseKit (~> 6.4)
    - scrypt.c (~> 0.1)
    - secp256k1.c (~> 0.1)
  - zxcvbn-ios (1.0.4)

DEPENDENCIES:
  - BigInt (~> 4.0)
  - Charts (~> 3.4.0)
  - Crashlytics
  - Fabric
  - Firebase/Core (~> 6.14.0)
  - Firebase/DynamicLinks (~> 6.14.0)
  - Firebase/Messaging (~> 6.14.0)
  - Firebase/RemoteConfig (~> 6.14.0)
  - "LibWally (from `git@github.com:blockchain/libwally-swift.git`, branch `master`)"
  - PhoneNumberKit (~> 2.1)
  - RxBlocking (~> 5.0)
  - RxCocoa (= 5.0)
  - RxRelay (= 5.0)
  - RxSwift (= 5.0)
  - RxTest (~> 5.0)
  - "stellar-ios-mac-sdk (from `git@github.com:thisisalexmcgregor/stellar-ios-mac-sdk.git`, commit `897f8acd327bb900aa97a6b92e602c6076e978bc`)"
  - SwiftCheck (~> 0.12)
  - SwiftLint (= 0.30.1)
  - "web3swift.pod (from `git@github.com:thisisalexmcgregor/web3swift.git`, commit `39abb613bef9f63f7bff5633172b3b474e54c165`)"
  - zxcvbn-ios (= 1.0.4)

SPEC REPOS:
  https://github.com/CocoaPods/Specs.git:
    - BigInt
    - Crashlytics
    - Fabric
    - keccak.c
    - PhoneNumberKit
    - PromiseKit
    - RxBlocking
    - RxCocoa
    - RxRelay
    - RxSwift
    - RxTest
    - scrypt.c
    - secp256k1.c
    - SwiftCheck
    - SwiftLint
    - zxcvbn-ios
  trunk:
    - Charts
    - Firebase
    - FirebaseABTesting
    - FirebaseAnalytics
    - FirebaseAnalyticsInterop
    - FirebaseCore
    - FirebaseCoreDiagnostics
    - FirebaseCoreDiagnosticsInterop
    - FirebaseDynamicLinks
    - FirebaseInstanceID
    - FirebaseMessaging
    - FirebaseRemoteConfig
    - GoogleAppMeasurement
    - GoogleDataTransport
    - GoogleDataTransportCCTSupport
    - GoogleUtilities
    - nanopb
    - Protobuf

EXTERNAL SOURCES:
  LibWally:
    :branch: master
    :git: "git@github.com:blockchain/libwally-swift.git"
    :submodules: true
  stellar-ios-mac-sdk:
    :commit: 897f8acd327bb900aa97a6b92e602c6076e978bc
    :git: "git@github.com:thisisalexmcgregor/stellar-ios-mac-sdk.git"
  web3swift.pod:
    :commit: 39abb613bef9f63f7bff5633172b3b474e54c165
    :git: "git@github.com:thisisalexmcgregor/web3swift.git"

CHECKOUT OPTIONS:
  LibWally:
    :commit: 97282e9b773ae867c70b547eb11f811ab56090c0
    :git: "git@github.com:blockchain/libwally-swift.git"
    :submodules: true
  stellar-ios-mac-sdk:
    :commit: 897f8acd327bb900aa97a6b92e602c6076e978bc
    :git: "git@github.com:thisisalexmcgregor/stellar-ios-mac-sdk.git"
  web3swift.pod:
    :commit: 39abb613bef9f63f7bff5633172b3b474e54c165
    :git: "git@github.com:thisisalexmcgregor/web3swift.git"

SPEC CHECKSUMS:
  BigInt: 2aad1a9942dc932ec8b84290d2c564a3d76f97ab
  Charts: 74c9f256eaf0460c0c416522d1cf8c634ea6b286
  Crashlytics: 540b7e5f5da5a042647227a5e3ac51d85eed06df
  Fabric: 706c8b8098fff96c33c0db69cbf81f9c551d0d74
  Firebase: 0219bb4782eb1406f1b9b0628a2e625484ce910d
  FirebaseABTesting: 0d10f3cdc3fa00f3f175b5b56c1003c8e888299f
  FirebaseAnalytics: f68b9f3f1241385129ae0a83b63627fc420c05e5
  FirebaseAnalyticsInterop: d48b6ab67bcf016a05e55b71fc39c61c0cb6b7f3
  FirebaseCore: 632e05cc5e1199d9147122c16d92305eb04c34bd
  FirebaseCoreDiagnostics: 511f4f3ed7d440bb69127e8b97c2bc8befae639e
  FirebaseCoreDiagnosticsInterop: e9b1b023157e3a2fc6418b5cb601e79b9af7b3a0
  FirebaseDynamicLinks: 5ba2a0d46ba1615c6c08819fc964c495ca1d0845
  FirebaseInstanceID: ce993a3c3670a8f5d47ce371ac5d143c560608c5
  FirebaseMessaging: 089b7a4991425783384acc8bcefcd78c0af913bd
  FirebaseRemoteConfig: c11d74d8b1ff8463b587fc8899d92ee089f9a691
  GoogleAppMeasurement: db118eb61a97dd8c4f7014e368d3c335cbbcf80a
  GoogleDataTransport: 8e9b210c97d55fbff306cc5468ff91b9cb32dcf5
  GoogleDataTransportCCTSupport: 202d7cdf9c4a7d81a2bb7f7e7e1ba6faa421b1f2
  GoogleUtilities: 29bd0d8f850efbd28cff6d99e8b7da1f8d236bcf
  keccak.c: 859583afdaccb4e4fcc0f0096064d101580313f4
  LibWally: 37b7c926e9aa02cc7d4c5a2a2a3a4f8925ea5038
  nanopb: 18003b5e52dab79db540fe93fe9579f399bd1ccd
  PhoneNumberKit: 167ee1f0bbb6efce7c62559e620eae745595532f
  PromiseKit: c06835ba442ce5454ce3cdde470232804a6e4ff8
  Protobuf: dd1aaea7140debfe4dd0683fb8ef208e527ae153
  RxBlocking: c5e090f42d046df8b0e7752742510f349963710f
  RxCocoa: fcf32050ac00d801f34a7f71d5e8e7f23026dcd8
  RxRelay: 4f7409406a51a55cd88483f21ed898c234d60f18
  RxSwift: 8b0671caa829a763bbce7271095859121cbd895f
  RxTest: 0132f952a61da82d5233abedaa559df91e5330e5
  scrypt.c: b42ae06183251329d2b2c620c226fb541a4a3592
  secp256k1.c: db47b726585d80f027423682eb369729e61b3b20
  stellar-ios-mac-sdk: d4e826707d24d4c7d16089fe184e0b3a472790d3
  SwiftCheck: d1dd04d955cc76620b0f84e087536bd059a11c24
  SwiftLint: a54bf1fe12b55c68560eb2a7689dfc81458508f7
  web3swift.pod: 98e8653f39e1bcd7b45f46dd982ec49cdfc6c46a
  zxcvbn-ios: fef98b7c80f1512ff0eec47ac1fa399fc00f7e3c

PODFILE CHECKSUM: b006692c2b0bc32a84ea748dc3c4eedcaccf1b62

COCOAPODS: 1.8.4
